
Microsoft Visual Studio Solution File, Format Version 12.00
# Visual Studio Version 17
VisualStudioVersion = 17.1.32228.430
MinimumVisualStudioVersion = 10.0.40219.1
Project("{9A19103F-16F7-4668-BE54-9A1E7A4F7556}") = "DSSU", "DSSU\DSSU.csproj", "{641ECEA4-515E-4293-B80A-07DDDF170221}"
EndProject
Project("{9A19103F-16F7-4668-BE54-9A1E7A4F7556}") = "GetGameServerInfo", "GetGameServerInfo\GetGameServerInfo.csproj", "{B65F0821-F048-497C-B11C-12640D7E27B4}"
EndProject
Global
	GlobalSection(SolutionConfigurationPlatforms) = preSolution
		Debug|Any CPU = Debug|Any CPU
		Release|Any CPU = Release|Any CPU
	EndGlobalSection
	GlobalSection(ProjectConfigurationPlatforms) = postSolution
		{641ECEA4-515E-4293-B80A-07DDDF170221}.Debug|Any CPU.ActiveCfg = Debug|Any CPU
		{641ECEA4-515E-4293-B80A-07DDDF170221}.Debug|Any CPU.Build.0 = Debug|Any CPU
		{641ECEA4-515E-4293-B80A-07DDDF170221}.Release|Any CPU.ActiveCfg = Release|Any CPU
		{641ECEA4-515E-4293-B80A-07DDDF170221}.Release|Any CPU.Build.0 = Release|Any CPU
		{B65F0821-F048-497C-B11C-12640D7E27B4}.Debug|Any CPU.ActiveCfg = Debug|Any CPU
		{B65F0821-F048-497C-B11C-12640D7E27B4}.Debug|Any CPU.Build.0 = Debug|Any CPU
		{B65F0821-F048-497C-B11C-12640D7E27B4}.Release|Any CPU.ActiveCfg = Release|Any CPU
		{B65F0821-F048-497C-B11C-12640D7E27B4}.Release|Any CPU.Build.0 = Release|Any CPU
	EndGlobalSection
	GlobalSection(SolutionProperties) = preSolution
		HideSolutionNode = FALSE
	EndGlobalSection
	GlobalSection(ExtensibilityGlobals) = postSolution
		SolutionGuid = {6DA8DBA1-6D39-443B-9E33-89C584096791}
	EndGlobalSection
EndGlobal
